{
  "name": "restaurant",
  "lockfileVersion": 3,
  "requires": true,
  "packages": {
    "": {
      "dependencies": {
        "@angular/animations": "^16.2.12",
        "primeflex": "^3.3.1",
        "primeng": "^14.2.14-lts",
        "sass-loader": "^13.3.2",
        "style-loader": "^3.3.3"
      }
    },
    "node_modules/@angular/animations": {
      "version": "16.2.12",
      "resolved": "https://registry.npmjs.org/@angular/animations/-/animations-16.2.12.tgz",
      "integrity": "sha512-MD0ElviEfAJY8qMOd6/jjSSvtqER2RDAi0lxe6EtUacC1DHCYkaPrKW4vLqY+tmZBg1yf+6n+uS77pXcHHcA3w==",
      "dependencies": {
        "tslib": "^2.3.0"
      },
      "engines": {
        "node": "^16.14.0 || >=18.10.0"
      },
      "peerDependencies": {
        "@angular/core": "16.2.12"
      }
    },
    "node_modules/neo-async": {
      "version": "2.6.2",
      "resolved": "https://registry.npmjs.org/neo-async/-/neo-async-2.6.2.tgz",
      "integrity": "sha512-Yd3UES5mWCSqR+qNT93S3UoYUkqAZ9lLg8a7g9rimsWmYGK8cVToA4/sF3RrshdyV3sAGMXVUmpMYOw+dLpOuw=="
    },
    "node_modules/primeflex": {
      "version": "3.3.1",
      "resolved": "https://registry.npmjs.org/primeflex/-/primeflex-3.3.1.tgz",
      "integrity": "sha512-zaOq3YvcOYytbAmKv3zYc+0VNS9Wg5d37dfxZnveKBFPr7vEIwfV5ydrpiouTft8MVW6qNjfkaQphHSnvgQbpQ=="
    },
    "node_modules/primeng": {
      "version": "14.2.14-lts",
      "resolved": "https://registry.npmjs.org/primeng/-/primeng-14.2.14-lts.tgz",
      "integrity": "sha512-l5KyIWwU2GrDbgxFEqU/+0nyHd7n8L37BzE0U589g9rnzxcfPfDUrVKkfiPi6L2ZIsWGh/qy+EA6YRcSbPBkjg==",
      "dependencies": {
        "tslib": "^2.3.0"
      },
      "peerDependencies": {
        "@angular/common": "^14.0.0",
        "@angular/core": "^14.0.0",
        "@angular/forms": "^14.0.0",
        "primeicons": "^6.0.1",
        "rxjs": "^6.0.0 || ^7.0.0",
        "zone.js": "^0.10.2 || ^0.11.0 || ^0.12.0"
      }
    },
    "node_modules/sass-loader": {
      "version": "13.3.2",
      "resolved": "https://registry.npmjs.org/sass-loader/-/sass-loader-13.3.2.tgz",
      "integrity": "sha512-CQbKl57kdEv+KDLquhC+gE3pXt74LEAzm+tzywcA0/aHZuub8wTErbjAoNI57rPUWRYRNC5WUnNl8eGJNbDdwg==",
      "dependencies": {
        "neo-async": "^2.6.2"
      },
      "engines": {
        "node": ">= 14.15.0"
      },
      "funding": {
        "type": "opencollective",
        "url": "https://opencollective.com/webpack"
      },
      "peerDependencies": {
        "fibers": ">= 3.1.0",
        "node-sass": "^4.0.0 || ^5.0.0 || ^6.0.0 || ^7.0.0 || ^8.0.0 || ^9.0.0",
        "sass": "^1.3.0",
        "sass-embedded": "*",
        "webpack": "^5.0.0"
      },
      "peerDependenciesMeta": {
        "fibers": {
          "optional": true
        },
        "node-sass": {
          "optional": true
        },
        "sass": {
          "optional": true
        },
        "sass-embedded": {
          "optional": true
        }
      }
    },
    "node_modules/style-loader": {
      "version": "3.3.3",
      "resolved": "https://registry.npmjs.org/style-loader/-/style-loader-3.3.3.tgz",
      "integrity": "sha512-53BiGLXAcll9maCYtZi2RCQZKa8NQQai5C4horqKyRmHj9H7QmcUyucrH+4KW/gBQbXM2AsB0axoEcFZPlfPcw==",
      "engines": {
        "node": ">= 12.13.0"
      },
      "funding": {
        "type": "opencollective",
        "url": "https://opencollective.com/webpack"
      },
      "peerDependencies": {
        "webpack": "^5.0.0"
      }
    },
    "node_modules/tslib": {
      "version": "2.6.2",
      "resolved": "https://registry.npmjs.org/tslib/-/tslib-2.6.2.tgz",
      "integrity": "sha512-AEYxH93jGFPn/a2iVAwW87VuUIkR1FVUKB77NwMF7nBTDkDrrT/Hpt/IrCJ0QXhW27jTBDcf5ZY7w6RiqTMw2Q=="
    }
  }
}
